Microsoft Visual Studio Solution File, Format Version 12.00
# Visual Studio Version 18
VisualStudioVersion = 18.6.11709.129
MinimumVisualStudioVersion = 10.0.40219.1
Project("{9A19103F-16F7-4668-BE54-9A1E7A4F7556}") = "Testing", "src\Testing\Testing.csproj", "{14FD03C4-5F3D-4A23-B69A-1DD9D6CCF1EB}"
EndProject
Project("{9A19103F-16F7-4668-BE54-9A1E7A4F7556}") = "Testing.UnitTests", "tests\Testing.UnitTests\Testing.UnitTests.csproj", "{EBEC75CB-A795-43C9-9D53-961FFACD5493}"
EndProject
Project("{2150E333-8FDC-42A3-9474-1A3956D46DE8}") = "Solution Folder", "Solution Folder", "{4F61F403-4674-487B-ABF4-EE50B96981C1}"
	ProjectSection(SolutionItems) = preProject
		.editorconfig = .editorconfig
		.gitattributes = .gitattributes
		.gitignore = .gitignore
		.github\workflows\ci.yml = .github\workflows\ci.yml
		.github\workflows\dependency-review.yml = .github\workflows\dependency-review.yml
		.github\workflows\publish-nuget.yml = .github\workflows\publish-nuget.yml
		Directory.Packages.props = Directory.Packages.props
		global.json = global.json
		LICENSE = LICENSE
		README.md = README.md
	EndProjectSection
EndProject
Project("{2150E333-8FDC-42A3-9474-1A3956D46DE8}") = "src", "src", "{DC4337D4-7797-44F7-AD1F-4A640A4E49D9}"
EndProject
Project("{2150E333-8FDC-42A3-9474-1A3956D46DE8}") = "tests", "tests", "{D196C703-6673-4DC9-84E9-BB492024AAD2}"
EndProject
Project("{2150E333-8FDC-42A3-9474-1A3956D46DE8}") = "samples", "samples", "{2C5AB38F-8197-4B93-AC0A-2182F5FAC5D3}"
EndProject
Project("{9A19103F-16F7-4668-BE54-9A1E7A4F7556}") = "Testing.Samples.Console", "samples\Testing.Samples.Console\Testing.Samples.Console.csproj", "{F90971A0-84DE-458E-924B-89F3FB1BF1CA}"
EndProject
Project("{2150E333-8FDC-42A3-9474-1A3956D46DE8}") = "benchmarks", "benchmarks", "{4F208057-661E-4B8F-AD0C-9F56F92C6B00}"
EndProject
Project("{9A19103F-16F7-4668-BE54-9A1E7A4F7556}") = "Testing.Benchmarks", "benchmarks\Testing.Benchmarks\Testing.Benchmarks.csproj", "{DF77B43F-054F-4898-A29B-C4A82CAA1655}"
EndProject
Global
	GlobalSection(SolutionConfigurationPlatforms) = preSolution
		Debug|Any CPU = Debug|Any CPU
		Release|Any CPU = Release|Any CPU
	EndGlobalSection
	GlobalSection(ProjectConfigurationPlatforms) = postSolution
		{14FD03C4-5F3D-4A23-B69A-1DD9D6CCF1EB}.Debug|Any CPU.ActiveCfg = Debug|Any CPU
		{14FD03C4-5F3D-4A23-B69A-1DD9D6CCF1EB}.Debug|Any CPU.Build.0 = Debug|Any CPU
		{14FD03C4-5F3D-4A23-B69A-1DD9D6CCF1EB}.Release|Any CPU.ActiveCfg = Release|Any CPU
		{14FD03C4-5F3D-4A23-B69A-1DD9D6CCF1EB}.Release|Any CPU.Build.0 = Release|Any CPU
		{EBEC75CB-A795-43C9-9D53-961FFACD5493}.Debug|Any CPU.ActiveCfg = Debug|Any CPU
		{EBEC75CB-A795-43C9-9D53-961FFACD5493}.Debug|Any CPU.Build.0 = Debug|Any CPU
		{EBEC75CB-A795-43C9-9D53-961FFACD5493}.Release|Any CPU.ActiveCfg = Release|Any CPU
		{EBEC75CB-A795-43C9-9D53-961FFACD5493}.Release|Any CPU.Build.0 = Release|Any CPU
		{F90971A0-84DE-458E-924B-89F3FB1BF1CA}.Debug|Any CPU.ActiveCfg = Debug|Any CPU
		{F90971A0-84DE-458E-924B-89F3FB1BF1CA}.Debug|Any CPU.Build.0 = Debug|Any CPU
		{F90971A0-84DE-458E-924B-89F3FB1BF1CA}.Release|Any CPU.ActiveCfg = Release|Any CPU
		{F90971A0-84DE-458E-924B-89F3FB1BF1CA}.Release|Any CPU.Build.0 = Release|Any CPU
		{DF77B43F-054F-4898-A29B-C4A82CAA1655}.Debug|Any CPU.ActiveCfg = Debug|Any CPU
		{DF77B43F-054F-4898-A29B-C4A82CAA1655}.Debug|Any CPU.Build.0 = Debug|Any CPU
		{DF77B43F-054F-4898-A29B-C4A82CAA1655}.Release|Any CPU.ActiveCfg = Release|Any CPU
		{DF77B43F-054F-4898-A29B-C4A82CAA1655}.Release|Any CPU.Build.0 = Release|Any CPU
	EndGlobalSection
	GlobalSection(SolutionProperties) = preSolution
		HideSolutionNode = FALSE
	EndGlobalSection
	GlobalSection(NestedProjects) = preSolution
		{14FD03C4-5F3D-4A23-B69A-1DD9D6CCF1EB} = {DC4337D4-7797-44F7-AD1F-4A640A4E49D9}
		{EBEC75CB-A795-43C9-9D53-961FFACD5493} = {D196C703-6673-4DC9-84E9-BB492024AAD2}
		{F90971A0-84DE-458E-924B-89F3FB1BF1CA} = {2C5AB38F-8197-4B93-AC0A-2182F5FAC5D3}
		{DF77B43F-054F-4898-A29B-C4A82CAA1655} = {4F208057-661E-4B8F-AD0C-9F56F92C6B00}
	EndGlobalSection
	GlobalSection(ExtensibilityGlobals) = postSolution
		SolutionGuid = {2C8676FA-E085-4D54-B611-3B1798FF2BFB}
	EndGlobalSection
EndGlobal
